{
	"name": "@grapheng/prelude",
	"version": "12.0.0",
	"lockfileVersion": 1,
	"requires": true,
	"dependencies": {
		"fp-ts": {
			"version": "2.3.1",
			"resolved": "https://registry.npmjs.org/fp-ts/-/fp-ts-2.3.1.tgz",
			"integrity": "sha512-KevPBnYt0aaJiuUzmU9YIxjrhC9AgJ8CLtLlXmwArovlNTeYM5NtEoKd86B0wHd7FIbzeE8sNXzCoYIOr7e6Iw=="
		},
		"fp-ts-contrib": {
			"version": "0.1.9",
			"resolved": "https://registry.npmjs.org/fp-ts-contrib/-/fp-ts-contrib-0.1.9.tgz",
			"integrity": "sha512-sljx10NZSA+kRUqSh4alV4MlMfIBEbSQqyD+KdpQJhdpbXECTsV1Mrxx4MtrOA01sfwZIT3VqS8ndGLbto6XdQ=="
		},
		"io-ts": {
			"version": "2.0.2",
			"resolved": "https://registry.npmjs.org/io-ts/-/io-ts-2.0.2.tgz",
			"integrity": "sha512-ydQnGMAlUJ1n+UZkBWDClm/v5OqPbe7RI8U3AgPJ3FqYQtDyu5PvJ3CUbB5ES9OFbR92NIu1rTl6R3eEOeET/A=="
		}
	}
}
