{
	"name": "@grapheng/prelude",
	"version": "7.0.0",
	"lockfileVersion": 1,
	"requires": true,
	"dependencies": {
		"@types/ms": {
			"version": "0.7.30",
			"resolved": "https://carfax.jfrog.io/carfax/api/npm/npm-all/@types/ms/-/ms-0.7.30.tgz",
			"integrity": "sha1-9sOLfsu/aYsLvRODFaDw8YlU+F8=",
			"dev": true
		},
		"fp-ts": {
			"version": "2.0.3",
			"resolved": "https://carfax.jfrog.io/carfax/api/npm/npm-all/fp-ts/-/fp-ts-2.0.3.tgz",
			"integrity": "sha1-tq9Ugapd8CfeJQus76GdNtee3VE="
		},
		"fp-ts-contrib": {
			"version": "0.1.2",
			"resolved": "https://carfax.jfrog.io/carfax/api/npm/npm-all/fp-ts-contrib/-/fp-ts-contrib-0.1.2.tgz",
			"integrity": "sha1-2OswL1WujetyYbD/JeXjYLwYK5c="
		},
		"immer": {
			"version": "3.1.3",
			"resolved": "https://carfax.jfrog.io/carfax/api/npm/npm-all/immer/-/immer-3.1.3.tgz",
			"integrity": "sha1-Wbx0KyqrbixnZEXttlPliKI8cPw="
		},
		"io-ts": {
			"version": "2.0.0",
			"resolved": "https://carfax.jfrog.io/carfax/api/npm/npm-all/io-ts/-/io-ts-2.0.0.tgz",
			"integrity": "sha1-Vg+N35LM5+pzggztq3sxBE5GTR4="
		},
		"monocle-ts": {
			"version": "2.0.0",
			"resolved": "https://carfax.jfrog.io/carfax/api/npm/npm-all/monocle-ts/-/monocle-ts-2.0.0.tgz",
			"integrity": "sha1-9pXb+1sBeEbZXww3e9TIrLEPfgI="
		},
		"ms": {
			"version": "2.1.1",
			"resolved": "https://carfax.jfrog.io/carfax/api/npm/npm-all/ms/-/ms-2.1.1.tgz",
			"integrity": "sha1-MKWGTrPrsKZvLr5tcnrwagnYbgo="
		}
	}
}
