{
	"name": "@grapheng/prelude",
	"version": "1.0.0",
	"lockfileVersion": 1,
	"requires": true,
	"dependencies": {
		"@types/ms": {
			"version": "0.7.30",
			"resolved": "https://carfax.jfrog.io/carfax/api/npm/npm-all/@types/ms/-/ms-0.7.30.tgz",
			"integrity": "sha1-9sOLfsu/aYsLvRODFaDw8YlU+F8=",
			"dev": true
		},
		"fp-ts": {
			"version": "1.17.0",
			"resolved": "https://carfax.jfrog.io/carfax/api/npm/npm-all/fp-ts/-/fp-ts-1.17.0.tgz",
			"integrity": "sha1-KJEnNT3btGIq2hkg1K1mQxgsHx8="
		},
		"fp-ts-contrib": {
			"version": "0.0.6",
			"resolved": "https://carfax.jfrog.io/carfax/api/npm/npm-all/fp-ts-contrib/-/fp-ts-contrib-0.0.6.tgz",
			"integrity": "sha1-d7Jk5jKmkmHcT8pClGsPrPhSZwc="
		},
		"io-ts": {
			"version": "1.8.5",
			"resolved": "https://carfax.jfrog.io/carfax/api/npm/npm-all/io-ts/-/io-ts-1.8.5.tgz",
			"integrity": "sha1-LhAvf1GKvhew9+ft4NtUpMTdwYg=",
			"requires": {
				"fp-ts": "^1.0.0"
			}
		},
		"ms": {
			"version": "2.1.1",
			"resolved": "https://carfax.jfrog.io/carfax/api/npm/npm-all/ms/-/ms-2.1.1.tgz",
			"integrity": "sha1-MKWGTrPrsKZvLr5tcnrwagnYbgo="
		}
	}
}
